// !$*UTF8*$!
{
	archiveVersion = 1;
	classes = {
	};
	objectVersion = 50;
	objects = {

/* Begin PBXBuildFile section */
		7F5E11E9DA2C25A355194C7F /* Pods_MyBike.framework in Frameworks */ = {isa = PBXBuildFile; fileRef = AD530AFEF9D02A7A955C071C /* Pods_MyBike.framework */; };
		D50057CE220A3C8000351214 /* AppDelegate.swift in Sources */ = {isa = PBXBuildFile; fileRef = D50057CD220A3C8000351214 /* AppDelegate.swift */; };
		D50057D0220A3C8000351214 /* ViewController.swift in Sources */ = {isa = PBXBuildFile; fileRef = D50057CF220A3C8000351214 /* ViewController.swift */; };
		D50057D3220A3C8000351214 /* Main.storyboard in Resources */ = {isa = PBXBuildFile; fileRef = D50057D1220A3C8000351214 /* Main.storyboard */; };
		D50057D5220A3C8100351214 /* Assets.xcassets in Resources */ = {isa = PBXBuildFile; fileRef = D50057D4220A3C8100351214 /* Assets.xcassets */; };
		D50057D8220A3C8100351214 /* LaunchScreen.storyboard in Resources */ = {isa = PBXBuildFile; fileRef = D50057D6220A3C8100351214 /* LaunchScreen.storyboard */; };
		D50057E3220A3C8100351214 /* MyBikeTests.swift in Sources */ = {isa = PBXBuildFile; fileRef = D50057E2220A3C8100351214 /* MyBikeTests.swift */; };
		D50057EE220A3C8100351214 /* MyBikeUITests.swift in Sources */ = {isa = PBXBuildFile; fileRef = D50057ED220A3C8100351214 /* MyBikeUITests.swift */; };
		D5D7EAFB221FA7DA0071B5D2 /* LocationDetails.swift in Sources */ = {isa = PBXBuildFile; fileRef = D5D7EAFA221FA7DA0071B5D2 /* LocationDetails.swift */; };
/* End PBXBuildFile section */

/* Begin PBXContainerItemProxy section */
		D50057DF220A3C8100351214 /* PBXContainerItemProxy */ = {
			isa = PBXContainerItemProxy;
			containerPortal = D50057C2220A3C8000351214 /* Project object */;
			proxyType = 1;
			remoteGlobalIDString = D50057C9220A3C8000351214;
			remoteInfo = MyBike;
		};
		D50057EA220A3C8100351214 /* PBXContainerItemProxy */ = {
			isa = PBXContainerItemProxy;
			containerPortal = D50057C2220A3C8000351214 /* Project object */;
			proxyType = 1;
			remoteGlobalIDString = D50057C9220A3C8000351214;
			remoteInfo = MyBike;
		};
/* End PBXContainerItemProxy section */

/* Begin PBXFileReference section */
		210FC035BFF41DDC469CCF0C /* Pods_MyBikeTests.framework */ = {isa = PBXFileReference; explicitFileType = wrapper.framework; includeInIndex = 0; path = Pods_MyBikeTests.framework; sourceTree = BUILT_PRODUCTS_DIR; };
		32C730727DD54CFF4034FB62 /* Pods-MyBike.debug.xcconfig */ = {isa = PBXFileReference; includeInIndex = 1; lastKnownFileType = text.xcconfig; name = "Pods-MyBike.debug.xcconfig"; path = "Target Support Files/Pods-MyBike/Pods-MyBike.debug.xcconfig"; sourceTree = "<group>"; };
		61F266D6718349D31F3BD5D4 /* Pods-MyBike.release.xcconfig */ = {isa = PBXFileReference; includeInIndex = 1; lastKnownFileType = text.xcconfig; name = "Pods-MyBike.release.xcconfig"; path = "Target Support Files/Pods-MyBike/Pods-MyBike.release.xcconfig"; sourceTree = "<group>"; };
		8CD8E04FC63B61243DC7D3DC /* Pods_MyBikeUITests.framework */ = {isa = PBXFileReference; explicitFileType = wrapper.framework; includeInIndex = 0; path = Pods_MyBikeUITests.framework; sourceTree = BUILT_PRODUCTS_DIR; };
		AD530AFEF9D02A7A955C071C /* Pods_MyBike.framework */ = {isa = PBXFileReference; explicitFileType = wrapper.framework; includeInIndex = 0; path = Pods_MyBike.framework; sourceTree = BUILT_PRODUCTS_DIR; };
		D50057CA220A3C8000351214 /* MyBike.app */ = {isa = PBXFileReference; explicitFileType = wrapper.application; includeInIndex = 0; path = MyBike.app; sourceTree = BUILT_PRODUCTS_DIR; };
		D50057CD220A3C8000351214 /* AppDelegate.swift */ = {isa = PBXFileReference; lastKnownFileType = sourcecode.swift; path = AppDelegate.swift; sourceTree = "<group>"; };
		D50057CF220A3C8000351214 /* ViewController.swift */ = {isa = PBXFileReference; lastKnownFileType = sourcecode.swift; path = ViewController.swift; sourceTree = "<group>"; };
		D50057D2220A3C8000351214 /* Base */ = {isa = PBXFileReference; lastKnownFileType = file.storyboard; name = Base; path = Base.lproj/Main.storyboard; sourceTree = "<group>"; };
		D50057D4220A3C8100351214 /* Assets.xcassets */ = {isa = PBXFileReference; lastKnownFileType = folder.assetcatalog; path = Assets.xcassets; sourceTree = "<group>"; };
		D50057D7220A3C8100351214 /* Base */ = {isa = PBXFileReference; lastKnownFileType = file.storyboard; name = Base; path = Base.lproj/LaunchScreen.storyboard; sourceTree = "<group>"; };
		D50057D9220A3C8100351214 /* Info.plist */ = {isa = PBXFileReference; lastKnownFileType = text.plist.xml; path = Info.plist; sourceTree = "<group>"; };
		D50057DE220A3C8100351214 /* MyBikeTests.xctest */ = {isa = PBXFileReference; explicitFileType = wrapper.cfbundle; includeInIndex = 0; path = MyBikeTests.xctest; sourceTree = BUILT_PRODUCTS_DIR; };
		D50057E2220A3C8100351214 /* MyBikeTests.swift */ = {isa = PBXFileReference; lastKnownFileType = sourcecode.swift; path = MyBikeTests.swift; sourceTree = "<group>"; };
		D50057E4220A3C8100351214 /* Info.plist */ = {isa = PBXFileReference; lastKnownFileType = text.plist.xml; path = Info.plist; sourceTree = "<group>"; };
		D50057E9220A3C8100351214 /* MyBikeUITests.xctest */ = {isa = PBXFileReference; explicitFileType = wrapper.cfbundle; includeInIndex = 0; path = MyBikeUITests.xctest; sourceTree = BUILT_PRODUCTS_DIR; };
		D50057ED220A3C8100351214 /* MyBikeUITests.swift */ = {isa = PBXFileReference; lastKnownFileType = sourcecode.swift; path = MyBikeUITests.swift; sourceTree = "<group>"; };
		D50057EF220A3C8100351214 /* Info.plist */ = {isa = PBXFileReference; lastKnownFileType = text.plist.xml; path = Info.plist; sourceTree = "<group>"; };
		D5D7EAFA221FA7DA0071B5D2 /* LocationDetails.swift */ = {isa = PBXFileReference; lastKnownFileType = sourcecode.swift; path = LocationDetails.swift; sourceTree = "<group>"; };
/* End PBXFileReference section */

/* Begin PBXFrameworksBuildPhase section */
		D50057C7220A3C8000351214 /* Frameworks */ = {
			isa = PBXFrameworksBuildPhase;
			buildActionMask = 2147483647;
			files = (
				7F5E11E9DA2C25A355194C7F /* Pods_MyBike.framework in Frameworks */,
			);
			runOnlyForDeploymentPostprocessing = 0;
		};
		D50057DB220A3C8100351214 /* Frameworks */ = {
			isa = PBXFrameworksBuildPhase;
			buildActionMask = 2147483647;
			files = (
			);
			runOnlyForDeploymentPostprocessing = 0;
		};
		D50057E6220A3C8100351214 /* Frameworks */ = {
			isa = PBXFrameworksBuildPhase;
			buildActionMask = 2147483647;
			files = (
			);
			runOnlyForDeploymentPostprocessing = 0;
		};
/* End PBXFrameworksBuildPhase section */

/* Begin PBXGroup section */
		599524EF8AD0F664DB84ADD5 /* Pods */ = {
			isa = PBXGroup;
			children = (
				32C730727DD54CFF4034FB62 /* Pods-MyBike.debug.xcconfig */,
				61F266D6718349D31F3BD5D4 /* Pods-MyBike.release.xcconfig */,
			);
			name = Pods;
			path = Pods;
			sourceTree = "<group>";
		};
		5AAA9A90706B37E10E37454B /* Frameworks */ = {
			isa = PBXGroup;
			children = (
				AD530AFEF9D02A7A955C071C /* Pods_MyBike.framework */,
				210FC035BFF41DDC469CCF0C /* Pods_MyBikeTests.framework */,
				8CD8E04FC63B61243DC7D3DC /* Pods_MyBikeUITests.framework */,
			);
			name = Frameworks;
			sourceTree = "<group>";
		};
		D50057C1220A3C8000351214 = {
			isa = PBXGroup;
			children = (
				D50057CC220A3C8000351214 /* MyBike */,
				D50057E1220A3C8100351214 /* MyBikeTests */,
				D50057EC220A3C8100351214 /* MyBikeUITests */,
				D50057CB220A3C8000351214 /* Products */,
				599524EF8AD0F664DB84ADD5 /* Pods */,
				5AAA9A90706B37E10E37454B /* Frameworks */,
			);
			sourceTree = "<group>";
		};
		D50057CB220A3C8000351214 /* Products */ = {
			isa = PBXGroup;
			children = (
				D50057CA220A3C8000351214 /* MyBike.app */,
				D50057DE220A3C8100351214 /* MyBikeTests.xctest */,
				D50057E9220A3C8100351214 /* MyBikeUITests.xctest */,
			);
			name = Products;
			sourceTree = "<group>";
		};
		D50057CC220A3C8000351214 /* MyBike */ = {
			isa = PBXGroup;
			children = (
				D5D7EAF9221F23280071B5D2 /* Supporting Files */,
				D5D7EAF8221F22B90071B5D2 /* Model */,
				D5D7EAF7221F22A90071B5D2 /* View */,
				D5D7EAF6221F22940071B5D2 /* Controller */,
			);
			path = MyBike;
			sourceTree = "<group>";
		};
		D50057E1220A3C8100351214 /* MyBikeTests */ = {
			isa = PBXGroup;
			children = (
				D50057E2220A3C8100351214 /* MyBikeTests.swift */,
				D50057E4220A3C8100351214 /* Info.plist */,
			);
			path = MyBikeTests;
			sourceTree = "<group>";
		};
		D50057EC220A3C8100351214 /* MyBikeUITests */ = {
			isa = PBXGroup;
			children = (
				D50057ED220A3C8100351214 /* MyBikeUITests.swift */,
				D50057EF220A3C8100351214 /* Info.plist */,
			);
			path = MyBikeUITests;
			sourceTree = "<group>";
		};
		D5D7EAF6221F22940071B5D2 /* Controller */ = {
			isa = PBXGroup;
			children = (
				D50057CD220A3C8000351214 /* AppDelegate.swift */,
				D50057CF220A3C8000351214 /* ViewController.swift */,
			);
			path = Controller;
			sourceTree = "<group>";
		};
		D5D7EAF7221F22A90071B5D2 /* View */ = {
			isa = PBXGroup;
			children = (
				D50057D1220A3C8000351214 /* Main.storyboard */,
				D50057D4220A3C8100351214 /* Assets.xcassets */,
			);
			path = View;
			sourceTree = "<group>";
		};
		D5D7EAF8221F22B90071B5D2 /* Model */ = {
			isa = PBXGroup;
			children = (
				D5D7EAFA221FA7DA0071B5D2 /* LocationDetails.swift */,
			);
			path = Model;
			sourceTree = "<group>";
		};
		D5D7EAF9221F23280071B5D2 /* Supporting Files */ = {
			isa = PBXGroup;
			children = (
				D50057D6220A3C8100351214 /* LaunchScreen.storyboard */,
				D50057D9220A3C8100351214 /* Info.plist */,
			);
			path = "Supporting Files";
			sourceTree = "<group>";
		};
/* End PBXGroup section */

/* Begin PBXNativeTarget section */
		D50057C9220A3C8000351214 /* MyBike */ = {
			isa = PBXNativeTarget;
			buildConfigurationList = D50057F2220A3C8100351214 /* Build configuration list for PBXNativeTarget "MyBike" */;
			buildPhases = (
				1BD43288166FF7AEF92148F5 /* [CP] Check Pods Manifest.lock */,
				D50057C6220A3C8000351214 /* Sources */,
				D50057C7220A3C8000351214 /* Frameworks */,
				D50057C8220A3C8000351214 /* Resources */,
				7563D67CB91CFF67512A5B4B /* [CP] Embed Pods Frameworks */,
			);
			buildRules = (
			);
			dependencies = (
			);
			name = MyBike;
			productName = MyBike;
			productReference = D50057CA220A3C8000351214 /* MyBike.app */;
			productType = "com.apple.product-type.application";
		};
		D50057DD220A3C8100351214 /* MyBikeTests */ = {
			isa = PBXNativeTarget;
			buildConfigurationList = D50057F5220A3C8100351214 /* Build configuration list for PBXNativeTarget "MyBikeTests" */;
			buildPhases = (
				D50057DA220A3C8100351214 /* Sources */,
				D50057DB220A3C8100351214 /* Frameworks */,
				D50057DC220A3C8100351214 /* Resources */,
			);
			buildRules = (
			);
			dependencies = (
				D50057E0220A3C8100351214 /* PBXTargetDependency */,
			);
			name = MyBikeTests;
			productName = MyBikeTests;
			productReference = D50057DE220A3C8100351214 /* MyBikeTests.xctest */;
			productType = "com.apple.product-type.bundle.unit-test";
		};
		D50057E8220A3C8100351214 /* MyBikeUITests */ = {
			isa = PBXNativeTarget;
			buildConfigurationList = D50057F8220A3C8100351214 /* Build configuration list for PBXNativeTarget "MyBikeUITests" */;
			buildPhases = (
				D50057E5220A3C8100351214 /* Sources */,
				D50057E6220A3C8100351214 /* Frameworks */,
				D50057E7220A3C8100351214 /* Resources */,
			);
			buildRules = (
			);
			dependencies = (
				D50057EB220A3C8100351214 /* PBXTargetDependency */,
			);
			name = MyBikeUITests;
			productName = MyBikeUITests;
			productReference = D50057E9220A3C8100351214 /* MyBikeUITests.xctest */;
			productType = "com.apple.product-type.bundle.ui-testing";
		};
/* End PBXNativeTarget section */

/* Begin PBXProject section */
		D50057C2220A3C8000351214 /* Project object */ = {
			isa = PBXProject;
			attributes = {
				LastSwiftUpdateCheck = 1010;
				LastUpgradeCheck = 1010;
				ORGANIZATIONNAME = "Apoorva Reed(Personal)";
				TargetAttributes = {
					D50057C9220A3C8000351214 = {
						CreatedOnToolsVersion = 10.1;
					};
					D50057DD220A3C8100351214 = {
						CreatedOnToolsVersion = 10.1;
						TestTargetID = D50057C9220A3C8000351214;
					};
					D50057E8220A3C8100351214 = {
						CreatedOnToolsVersion = 10.1;
						TestTargetID = D50057C9220A3C8000351214;
					};
				};
			};
			buildConfigurationList = D50057C5220A3C8000351214 /* Build configuration list for PBXProject "MyBike" */;
			compatibilityVersion = "Xcode 9.3";
			developmentRegion = en;
			hasScannedForEncodings = 0;
			knownRegions = (
				en,
				Base,
			);
			mainGroup = D50057C1220A3C8000351214;
			productRefGroup = D50057CB220A3C8000351214 /* Products */;
			projectDirPath = "";
			projectRoot = "";
			targets = (
				D50057C9220A3C8000351214 /* MyBike */,
				D50057DD220A3C8100351214 /* MyBikeTests */,
				D50057E8220A3C8100351214 /* MyBikeUITests */,
			);
		};
/* End PBXProject section */

/* Begin PBXResourcesBuildPhase section */
		D50057C8220A3C8000351214 /* Resources */ = {
			isa = PBXResourcesBuildPhase;
			buildActionMask = 2147483647;
			files = (
				D50057D8220A3C8100351214 /* LaunchScreen.storyboard in Resources */,
				D50057D5220A3C8100351214 /* Assets.xcassets in Resources */,
				D50057D3220A3C8000351214 /* Main.storyboard in Resources */,
			);
			runOnlyForDeploymentPostprocessing = 0;
		};
		D50057DC220A3C8100351214 /* Resources */ = {
			isa = PBXResourcesBuildPhase;
			buildActionMask = 2147483647;
			files = (
			);
			runOnlyForDeploymentPostprocessing = 0;
		};
		D50057E7220A3C8100351214 /* Resources */ = {
			isa = PBXResourcesBuildPhase;
			buildActionMask = 2147483647;
			files = (
			);
			runOnlyForDeploymentPostprocessing = 0;
		};
/* End PBXResourcesBuildPhase section */

/* Begin PBXShellScriptBuildPhase section */
		1BD43288166FF7AEF92148F5 /* [CP] Check Pods Manifest.lock */ = {
			isa = PBXShellScriptBuildPhase;
			buildActionMask = 2147483647;
			files = (
			);
			inputFileListPaths = (
			);
			inputPaths = (
				"${PODS_PODFILE_DIR_PATH}/Podfile.lock",
				"${PODS_ROOT}/Manifest.lock",
			);
			name = "[CP] Check Pods Manifest.lock";
			outputFileListPaths = (
			);
			outputPaths = (
				"$(DERIVED_FILE_DIR)/Pods-MyBike-checkManifestLockResult.txt",
			);
			runOnlyForDeploymentPostprocessing = 0;
			shellPath = /bin/sh;
			shellScript = "diff \"${PODS_PODFILE_DIR_PATH}/Podfile.lock\" \"${PODS_ROOT}/Manifest.lock\" > /dev/null\nif [ $? != 0 ] ; then\n    # print error to STDERR\n    echo \"error: The sandbox is not in sync with the Podfile.lock. Run 'pod install' or update your CocoaPods installation.\" >&2\n    exit 1\nfi\n# This output is used by Xcode 'outputs' to avoid re-running this script phase.\necho \"SUCCESS\" > \"${SCRIPT_OUTPUT_FILE_0}\"\n";
			showEnvVarsInLog = 0;
		};
		7563D67CB91CFF67512A5B4B /* [CP] Embed Pods Frameworks */ = {
			isa = PBXShellScriptBuildPhase;
			buildActionMask = 2147483647;
			files = (
			);
			inputFileListPaths = (
			);
			inputPaths = (
				"${PODS_ROOT}/Target Support Files/Pods-MyBike/Pods-MyBike-frameworks.sh",
				"${BUILT_PRODUCTS_DIR}/Alamofire/Alamofire.framework",
				"${BUILT_PRODUCTS_DIR}/SwiftyJSON/SwiftyJSON.framework",
			);
			name = "[CP] Embed Pods Frameworks";
			outputFileListPaths = (
			);
			outputPaths = (
				"${TARGET_BUILD_DIR}/${FRAMEWORKS_FOLDER_PATH}/Alamofire.framework",
				"${TARGET_BUILD_DIR}/${FRAMEWORKS_FOLDER_PATH}/SwiftyJSON.framework",
			);
			runOnlyForDeploymentPostprocessing = 0;
			shellPath = /bin/sh;
			shellScript = "\"${PODS_ROOT}/Target Support Files/Pods-MyBike/Pods-MyBike-frameworks.sh\"\n";
			showEnvVarsInLog = 0;
		};
/* End PBXShellScriptBuildPhase section */

/* Begin PBXSourcesBuildPhase section */
		D50057C6220A3C8000351214 /* Sources */ = {
			isa = PBXSourcesBuildPhase;
			buildActionMask = 2147483647;
			files = (
				D5D7EAFB221FA7DA0071B5D2 /* LocationDetails.swift in Sources */,
				D50057D0220A3C8000351214 /* ViewController.swift in Sources */,
				D50057CE220A3C8000351214 /* AppDelegate.swift in Sources */,
			);
			runOnlyForDeploymentPostprocessing = 0;
		};
		D50057DA220A3C8100351214 /* Sources */ = {
			isa = PBXSourcesBuildPhase;
			buildActionMask = 2147483647;
			files = (
				D50057E3220A3C8100351214 /* MyBikeTests.swift in Sources */,
			);
			runOnlyForDeploymentPostprocessing = 0;
		};
		D50057E5220A3C8100351214 /* Sources */ = {
			isa = PBXSourcesBuildPhase;
			buildActionMask = 2147483647;
			files = (
				D50057EE220A3C8100351214 /* MyBikeUITests.swift in Sources */,
			);
			runOnlyForDeploymentPostprocessing = 0;
		};
/* End PBXSourcesBuildPhase section */

/* Begin PBXTargetDependency section */
		D50057E0220A3C8100351214 /* PBXTargetDependency */ = {
			isa = PBXTargetDependency;
			target = D50057C9220A3C8000351214 /* MyBike */;
			targetProxy = D50057DF220A3C8100351214 /* PBXContainerItemProxy */;
		};
		D50057EB220A3C8100351214 /* PBXTargetDependency */ = {
			isa = PBXTargetDependency;
			target = D50057C9220A3C8000351214 /* MyBike */;
			targetProxy = D50057EA220A3C8100351214 /* PBXContainerItemProxy */;
		};
/* End PBXTargetDependency section */

/* Begin PBXVariantGroup section */
		D50057D1220A3C8000351214 /* Main.storyboard */ = {
			isa = PBXVariantGroup;
			children = (
				D50057D2220A3C8000351214 /* Base */,
			);
			name = Main.storyboard;
			sourceTree = "<group>";
		};
		D50057D6220A3C8100351214 /* LaunchScreen.storyboard */ = {
			isa = PBXVariantGroup;
			children = (
				D50057D7220A3C8100351214 /* Base */,
			);
			name = LaunchScreen.storyboard;
			sourceTree = "<group>";
		};
/* End PBXVariantGroup section */

/* Begin XCBuildConfiguration section */
		D50057F0220A3C8100351214 /* Debug */ = {
			isa = XCBuildConfiguration;
			buildSettings = {
				ALWAYS_SEARCH_USER_PATHS = NO;
				CLANG_ANALYZER_NONNULL = YES;
				CLANG_ANALYZER_NUMBER_OBJECT_CONVERSION = YES_AGGRESSIVE;
				CLANG_CXX_LANGUAGE_STANDARD = "gnu++14";
				CLANG_CXX_LIBRARY = "libc++";
				CLANG_ENABLE_MODULES = YES;
				CLANG_ENABLE_OBJC_ARC = YES;
				CLANG_ENABLE_OBJC_WEAK = YES;
				CLANG_WARN_BLOCK_CAPTURE_AUTORELEASING = YES;
				CLANG_WARN_BOOL_CONVERSION = YES;
				CLANG_WARN_COMMA = YES;
				CLANG_WARN_CONSTANT_CONVERSION = YES;
				CLANG_WARN_DEPRECATED_OBJC_IMPLEMENTATIONS = YES;
				CLANG_WARN_DIRECT_OBJC_ISA_USAGE = YES_ERROR;
				CLANG_WARN_DOCUMENTATION_COMMENTS = YES;
				CLANG_WARN_EMPTY_BODY = YES;
				CLANG_WARN_ENUM_CONVERSION = YES;
				CLANG_WARN_INFINITE_RECURSION = YES;
				CLANG_WARN_INT_CONVERSION = YES;
				CLANG_WARN_NON_LITERAL_NULL_CONVERSION = YES;
				CLANG_WARN_OBJC_IMPLICIT_RETAIN_SELF = YES;
				CLANG_WARN_OBJC_LITERAL_CONVERSION = YES;
				CLANG_WARN_OBJC_ROOT_CLASS = YES_ERROR;
				CLANG_WARN_RANGE_LOOP_ANALYSIS = YES;
				CLANG_WARN_STRICT_PROTOTYPES = YES;
				CLANG_WARN_SUSPICIOUS_MOVE = YES;
				CLANG_WARN_UNGUARDED_AVAILABILITY = YES_AGGRESSIVE;
				CLANG_WARN_UNREACHABLE_CODE = YES;
				CLANG_WARN__DUPLICATE_METHOD_MATCH = YES;
				CODE_SIGN_IDENTITY = "iPhone Developer";
				COPY_PHASE_STRIP = NO;
				DEBUG_INFORMATION_FORMAT = dwarf;
				ENABLE_STRICT_OBJC_MSGSEND = YES;
				ENABLE_TESTABILITY = YES;
				GCC_C_LANGUAGE_STANDARD = gnu11;
				GCC_DYNAMIC_NO_PIC = NO;
				GCC_NO_COMMON_BLOCKS = YES;
				GCC_OPTIMIZATION_LEVEL = 0;
				GCC_PREPROCESSOR_DEFINITIONS = (
					"DEBUG=1",
					"$(inherited)",
				);
				GCC_WARN_64_TO_32_BIT_CONVERSION = YES;
				GCC_WARN_ABOUT_RETURN_TYPE = YES_ERROR;
				GCC_WARN_UNDECLARED_SELECTOR = YES;
				GCC_WARN_UNINITIALIZED_AUTOS = YES_AGGRESSIVE;
				GCC_WARN_UNUSED_FUNCTION = YES;
				GCC_WARN_UNUSED_VARIABLE = YES;
				IPHONEOS_DEPLOYMENT_TARGET = 12.1;
				MTL_ENABLE_DEBUG_INFO = INCLUDE_SOURCE;
				MTL_FAST_MATH = YES;
				ONLY_ACTIVE_ARCH = YES;
				SDKROOT = iphoneos;
				SWIFT_ACTIVE_COMPILATION_CONDITIONS = DEBUG;
				SWIFT_OPTIMIZATION_LEVEL = "-Onone";
			};
			name = Debug;
		};
		D50057F1220A3C8100351214 /* Release */ = {
			isa = XCBuildConfiguration;
			buildSettings = {
				ALWAYS_SEARCH_USER_PATHS = NO;
				CLANG_ANALYZER_NONNULL = YES;
				CLANG_ANALYZER_NUMBER_OBJECT_CONVERSION = YES_AGGRESSIVE;
				CLANG_CXX_LANGUAGE_STANDARD = "gnu++14";
				CLANG_CXX_LIBRARY = "libc++";
				CLANG_ENABLE_MODULES = YES;
				CLANG_ENABLE_OBJC_ARC = YES;
				CLANG_ENABLE_OBJC_WEAK = YES;
				CLANG_WARN_BLOCK_CAPTURE_AUTORELEASING = YES;
				CLANG_WARN_BOOL_CONVERSION = YES;
				CLANG_WARN_COMMA = YES;
				CLANG_WARN_CONSTANT_CONVERSION = YES;
				CLANG_WARN_DEPRECATED_OBJC_IMPLEMENTATIONS = YES;
				CLANG_WARN_DIRECT_OBJC_ISA_USAGE = YES_ERROR;
				CLANG_WARN_DOCUMENTATION_COMMENTS = YES;
				CLANG_WARN_EMPTY_BODY = YES;
				CLANG_WARN_ENUM_CONVERSION = YES;
				CLANG_WARN_INFINITE_RECURSION = YES;
				CLANG_WARN_INT_CONVERSION = YES;
				CLANG_WARN_NON_LITERAL_NULL_CONVERSION = YES;
				CLANG_WARN_OBJC_IMPLICIT_RETAIN_SELF = YES;
				CLANG_WARN_OBJC_LITERAL_CONVERSION = YES;
				CLANG_WARN_OBJC_ROOT_CLASS = YES_ERROR;
				CLANG_WARN_RANGE_LOOP_ANALYSIS = YES;
				CLANG_WARN_STRICT_PROTOTYPES = YES;
				CLANG_WARN_SUSPICIOUS_MOVE = YES;
				CLANG_WARN_UNGUARDED_AVAILABILITY = YES_AGGRESSIVE;
				CLANG_WARN_UNREACHABLE_CODE = YES;
				CLANG_WARN__DUPLICATE_METHOD_MATCH = YES;
				CODE_SIGN_IDENTITY = "iPhone Developer";
				COPY_PHASE_STRIP = NO;
				DEBUG_INFORMATION_FORMAT = "dwarf-with-dsym";
				ENABLE_NS_ASSERTIONS = NO;
				ENABLE_STRICT_OBJC_MSGSEND = YES;
				GCC_C_LANGUAGE_STANDARD = gnu11;
				GCC_NO_COMMON_BLOCKS = YES;
				GCC_WARN_64_TO_32_BIT_CONVERSION = YES;
				GCC_WARN_ABOUT_RETURN_TYPE = YES_ERROR;
				GCC_WARN_UNDECLARED_SELECTOR = YES;
				GCC_WARN_UNINITIALIZED_AUTOS = YES_AGGRESSIVE;
				GCC_WARN_UNUSED_FUNCTION = YES;
				GCC_WARN_UNUSED_VARIABLE = YES;
				IPHONEOS_DEPLOYMENT_TARGET = 12.1;
				MTL_ENABLE_DEBUG_INFO = NO;
				MTL_FAST_MATH = YES;
				SDKROOT = iphoneos;
				SWIFT_COMPILATION_MODE = wholemodule;
				SWIFT_OPTIMIZATION_LEVEL = "-O";
				VALIDATE_PRODUCT = YES;
			};
			name = Release;
		};
		D50057F3220A3C8100351214 /* Debug */ = {
			isa = XCBuildConfiguration;
			baseConfigurationReference = 32C730727DD54CFF4034FB62 /* Pods-MyBike.debug.xcconfig */;
			buildSettings = {
				ASSETCATALOG_COMPILER_APPICON_NAME = AppIcon;
				CODE_SIGN_STYLE = Automatic;
				DEVELOPMENT_TEAM = Z9S846X8QV;
				INFOPLIST_FILE = "$(SRCROOT)/MyBike/Supporting Files/Info.plist";
				LD_RUNPATH_SEARCH_PATHS = (
					"$(inherited)",
					"@executable_path/Frameworks",
				);
				PRODUCT_BUNDLE_IDENTIFIER = com.apoorvareed.MyBike;
				PRODUCT_NAME = "$(TARGET_NAME)";
				SWIFT_VERSION = 4.2;
				TARGETED_DEVICE_FAMILY = "1,2";
			};
			name = Debug;
		};
		D50057F4220A3C8100351214 /* Release */ = {
			isa = XCBuildConfiguration;
			baseConfigurationReference = 61F266D6718349D31F3BD5D4 /* Pods-MyBike.release.xcconfig */;
			buildSettings = {
				ASSETCATALOG_COMPILER_APPICON_NAME = AppIcon;
				CODE_SIGN_STYLE = Automatic;
				DEVELOPMENT_TEAM = Z9S846X8QV;
				INFOPLIST_FILE = "$(SRCROOT)/MyBike/Supporting Files/Info.plist";
				LD_RUNPATH_SEARCH_PATHS = (
					"$(inherited)",
					"@executable_path/Frameworks",
				);
				PRODUCT_BUNDLE_IDENTIFIER = com.apoorvareed.MyBike;
				PRODUCT_NAME = "$(TARGET_NAME)";
				SWIFT_VERSION = 4.2;
				TARGETED_DEVICE_FAMILY = "1,2";
			};
			name = Release;
		};
		D50057F6220A3C8100351214 /* Debug */ = {
			isa = XCBuildConfiguration;
			buildSettings = {
				ALWAYS_EMBED_SWIFT_STANDARD_LIBRARIES = YES;
				BUNDLE_LOADER = "$(TEST_HOST)";
				CODE_SIGN_STYLE = Automatic;
				DEVELOPMENT_TEAM = Z9S846X8QV;
				INFOPLIST_FILE = MyBikeTests/Info.plist;
				LD_RUNPATH_SEARCH_PATHS = (
					"$(inherited)",
					"@executable_path/Frameworks",
					"@loader_path/Frameworks",
				);
				PRODUCT_BUNDLE_IDENTIFIER = com.apoorvareed.MyBikeTests;
				PRODUCT_NAME = "$(TARGET_NAME)";
				SWIFT_VERSION = 4.2;
				TARGETED_DEVICE_FAMILY = "1,2";
				TEST_HOST = "$(BUILT_PRODUCTS_DIR)/MyBike.app/MyBike";
			};
			name = Debug;
		};
		D50057F7220A3C8100351214 /* Release */ = {
			isa = XCBuildConfiguration;
			buildSettings = {
				ALWAYS_EMBED_SWIFT_STANDARD_LIBRARIES = YES;
				BUNDLE_LOADER = "$(TEST_HOST)";
				CODE_SIGN_STYLE = Automatic;
				DEVELOPMENT_TEAM = Z9S846X8QV;
				INFOPLIST_FILE = MyBikeTests/Info.plist;
				LD_RUNPATH_SEARCH_PATHS = (
					"$(inherited)",
					"@executable_path/Frameworks",
					"@loader_path/Frameworks",
				);
				PRODUCT_BUNDLE_IDENTIFIER = com.apoorvareed.MyBikeTests;
				PRODUCT_NAME = "$(TARGET_NAME)";
				SWIFT_VERSION = 4.2;
				TARGETED_DEVICE_FAMILY = "1,2";
				TEST_HOST = "$(BUILT_PRODUCTS_DIR)/MyBike.app/MyBike";
			};
			name = Release;
		};
		D50057F9220A3C8100351214 /* Debug */ = {
			isa = XCBuildConfiguration;
			buildSettings = {
				ALWAYS_EMBED_SWIFT_STANDARD_LIBRARIES = YES;
				CODE_SIGN_STYLE = Automatic;
				DEVELOPMENT_TEAM = Z9S846X8QV;
				INFOPLIST_FILE = MyBikeUITests/Info.plist;
				LD_RUNPATH_SEARCH_PATHS = (
					"$(inherited)",
					"@executable_path/Frameworks",
					"@loader_path/Frameworks",
				);
				PRODUCT_BUNDLE_IDENTIFIER = com.apoorvareed.MyBikeUITests;
				PRODUCT_NAME = "$(TARGET_NAME)";
				SWIFT_VERSION = 4.2;
				TARGETED_DEVICE_FAMILY = "1,2";
				TEST_TARGET_NAME = MyBike;
			};
			name = Debug;
		};
		D50057FA220A3C8100351214 /* Release */ = {
			isa = XCBuildConfiguration;
			buildSettings = {
				ALWAYS_EMBED_SWIFT_STANDARD_LIBRARIES = YES;
				CODE_SIGN_STYLE = Automatic;
				DEVELOPMENT_TEAM = Z9S846X8QV;
				INFOPLIST_FILE = MyBikeUITests/Info.plist;
				LD_RUNPATH_SEARCH_PATHS = (
					"$(inherited)",
					"@executable_path/Frameworks",
					"@loader_path/Frameworks",
				);
				PRODUCT_BUNDLE_IDENTIFIER = com.apoorvareed.MyBikeUITests;
				PRODUCT_NAME = "$(TARGET_NAME)";
				SWIFT_VERSION = 4.2;
				TARGETED_DEVICE_FAMILY = "1,2";
				TEST_TARGET_NAME = MyBike;
			};
			name = Release;
		};
/* End XCBuildConfiguration section */

/* Begin XCConfigurationList section */
		D50057C5220A3C8000351214 /* Build configuration list for PBXProject "MyBike" */ = {
			isa = XCConfigurationList;
			buildConfigurations = (
				D50057F0220A3C8100351214 /* Debug */,
				D50057F1220A3C8100351214 /* Release */,
			);
			defaultConfigurationIsVisible = 0;
			defaultConfigurationName = Release;
		};
		D50057F2220A3C8100351214 /* Build configuration list for PBXNativeTarget "MyBike" */ = {
			isa = XCConfigurationList;
			buildConfigurations = (
				D50057F3220A3C8100351214 /* Debug */,
				D50057F4220A3C8100351214 /* Release */,
			);
			defaultConfigurationIsVisible = 0;
			defaultConfigurationName = Release;
		};
		D50057F5220A3C8100351214 /* Build configuration list for PBXNativeTarget "MyBikeTests" */ = {
			isa = XCConfigurationList;
			buildConfigurations = (
				D50057F6220A3C8100351214 /* Debug */,
				D50057F7220A3C8100351214 /* Release */,
			);
			defaultConfigurationIsVisible = 0;
			defaultConfigurationName = Release;
		};
		D50057F8220A3C8100351214 /* Build configuration list for PBXNativeTarget "MyBikeUITests" */ = {
			isa = XCConfigurationList;
			buildConfigurations = (
				D50057F9220A3C8100351214 /* Debug */,
				D50057FA220A3C8100351214 /* Release */,
			);
			defaultConfigurationIsVisible = 0;
			defaultConfigurationName = Release;
		};
/* End XCConfigurationList section */
	};
	rootObject = D50057C2220A3C8000351214 /* Project object */;
}
